
Microsoft Visual Studio Solution File, Format Version 12.00
# Visual Studio Version 17
VisualStudioVersion = 17.8.34330.188
MinimumVisualStudioVersion = 10.0.40219.1
Project("{9A19103F-16F7-4668-BE54-9A1E7A4F7556}") = "WebAPI", "WebAPI\WebAPI.csproj", "{7DC57985-B251-48F1-9C7E-E348976C02A3}"
EndProject
Global
	GlobalSection(SolutionConfigurationPlatforms) = preSolution
		Debug|Any CPU = Debug|Any CPU
		Release|Any CPU = Release|Any CPU
	EndGlobalSection
	GlobalSection(ProjectConfigurationPlatforms) = postSolution
		{7DC57985-B251-48F1-9C7E-E348976C02A3}.Debug|Any CPU.ActiveCfg = Debug|Any CPU
		{7DC57985-B251-48F1-9C7E-E348976C02A3}.Debug|Any CPU.Build.0 = Debug|Any CPU
		{7DC57985-B251-48F1-9C7E-E348976C02A3}.Release|Any CPU.ActiveCfg = Release|Any CPU
		{7DC57985-B251-48F1-9C7E-E348976C02A3}.Release|Any CPU.Build.0 = Release|Any CPU
	EndGlobalSection
	GlobalSection(SolutionProperties) = preSolution
		HideSolutionNode = FALSE
	EndGlobalSection
	GlobalSection(ExtensibilityGlobals) = postSolution
		SolutionGuid = {C74512B3-E490-4F5C-B1A8-A9757A8E8B15}
	EndGlobalSection
EndGlobal
